
Microsoft Visual Studio Solution File, Format Version 12.00
# Visual Studio Version 16
VisualStudioVersion = 16.0.31624.102
MinimumVisualStudioVersion = 10.0.40219.1
Project("{9A19103F-16F7-4668-BE54-9A1E7A4F7556}") = "FlightManagement.Web", "FlightManagement.Web\FlightManagement.Web.csproj", "{EFEBCB37-BE62-4AD6-80E8-2B9B948A1F02}"
	ProjectSection(ProjectDependencies) = postProject
		{E6D8AE80-AC2B-407F-B3AF-B114A4796AF4} = {E6D8AE80-AC2B-407F-B3AF-B114A4796AF4}
	EndProjectSection
EndProject
Project("{9A19103F-16F7-4668-BE54-9A1E7A4F7556}") = "FlightManagement.Data", "FlightManagement.Data\FlightManagement.Data.csproj", "{E6D8AE80-AC2B-407F-B3AF-B114A4796AF4}"
EndProject
Project("{FAE04EC0-301F-11D3-BF4B-00C04F79EFBC}") = "FlightManagement.Testing", "FlightManagement.Testing\FlightManagement.Testing.csproj", "{F7933951-F720-427E-A380-CA1C61BC66C5}"
EndProject
Global
	GlobalSection(SolutionConfigurationPlatforms) = preSolution
		Debug|Any CPU = Debug|Any CPU
		Release|Any CPU = Release|Any CPU
	EndGlobalSection
	GlobalSection(ProjectConfigurationPlatforms) = postSolution
		{EFEBCB37-BE62-4AD6-80E8-2B9B948A1F02}.Debug|Any CPU.ActiveCfg = Debug|Any CPU
		{EFEBCB37-BE62-4AD6-80E8-2B9B948A1F02}.Debug|Any CPU.Build.0 = Debug|Any CPU
		{EFEBCB37-BE62-4AD6-80E8-2B9B948A1F02}.Release|Any CPU.ActiveCfg = Release|Any CPU
		{EFEBCB37-BE62-4AD6-80E8-2B9B948A1F02}.Release|Any CPU.Build.0 = Release|Any CPU
		{E6D8AE80-AC2B-407F-B3AF-B114A4796AF4}.Debug|Any CPU.ActiveCfg = Debug|Any CPU
		{E6D8AE80-AC2B-407F-B3AF-B114A4796AF4}.Debug|Any CPU.Build.0 = Debug|Any CPU
		{E6D8AE80-AC2B-407F-B3AF-B114A4796AF4}.Release|Any CPU.ActiveCfg = Release|Any CPU
		{E6D8AE80-AC2B-407F-B3AF-B114A4796AF4}.Release|Any CPU.Build.0 = Release|Any CPU
		{F7933951-F720-427E-A380-CA1C61BC66C5}.Debug|Any CPU.ActiveCfg = Debug|Any CPU
		{F7933951-F720-427E-A380-CA1C61BC66C5}.Debug|Any CPU.Build.0 = Debug|Any CPU
		{F7933951-F720-427E-A380-CA1C61BC66C5}.Release|Any CPU.ActiveCfg = Release|Any CPU
		{F7933951-F720-427E-A380-CA1C61BC66C5}.Release|Any CPU.Build.0 = Release|Any CPU
	EndGlobalSection
	GlobalSection(SolutionProperties) = preSolution
		HideSolutionNode = FALSE
	EndGlobalSection
	GlobalSection(ExtensibilityGlobals) = postSolution
		SolutionGuid = {45FC08A7-FF8B-46F0-99F7-E58250E4E824}
	EndGlobalSection
EndGlobal
